
Microsoft Visual Studio Solution File, Format Version 12.00
# Visual Studio Version 16
VisualStudioVersion = 16.0.31112.23
MinimumVisualStudioVersion = 10.0.40219.1
Project("{FAE04EC0-301F-11D3-BF4B-00C04F79EFBC}") = "Task-2 - StudentsGroup", "Task-2 - StudentsGroup\Task-2 - StudentsGroup.csproj", "{4AD289DF-2A15-4BE8-BCEF-82B3FDB7FBB0}"
EndProject
Global
	GlobalSection(SolutionConfigurationPlatforms) = preSolution
		Debug|Any CPU = Debug|Any CPU
		Release|Any CPU = Release|Any CPU
	EndGlobalSection
	GlobalSection(ProjectConfigurationPlatforms) = postSolution
		{4AD289DF-2A15-4BE8-BCEF-82B3FDB7FBB0}.Debug|Any CPU.ActiveCfg = Debug|Any CPU
		{4AD289DF-2A15-4BE8-BCEF-82B3FDB7FBB0}.Debug|Any CPU.Build.0 = Debug|Any CPU
		{4AD289DF-2A15-4BE8-BCEF-82B3FDB7FBB0}.Release|Any CPU.ActiveCfg = Release|Any CPU
		{4AD289DF-2A15-4BE8-BCEF-82B3FDB7FBB0}.Release|Any CPU.Build.0 = Release|Any CPU
	EndGlobalSection
	GlobalSection(SolutionProperties) = preSolution
		HideSolutionNode = FALSE
	EndGlobalSection
	GlobalSection(ExtensibilityGlobals) = postSolution
		SolutionGuid = {F78E9031-8493-48C1-8B24-BA7388A85DFE}
	EndGlobalSection
EndGlobal
